// !$*UTF8*$!
{
	archiveVersion = 1;
	classes = {
	};
	objectVersion = 50;
	objects = {

/* Begin PBXBuildFile section */
		6A9AFD6722A6B54E000B94E4 /* GalleryCell.swift in Sources */ = {isa = PBXBuildFile; fileRef = 6A9AFD6622A6B54E000B94E4 /* GalleryCell.swift */; };
		6AB35DFD22A283A70077368D /* GalleryApi.swift in Sources */ = {isa = PBXBuildFile; fileRef = 6AB35DFC22A283A70077368D /* GalleryApi.swift */; };
		6AB35E0022A284B80077368D /* GalleryModel.swift in Sources */ = {isa = PBXBuildFile; fileRef = 6AB35DFF22A284B80077368D /* GalleryModel.swift */; };
		6AE2ED7F22A142AC008012AB /* AppDelegate.swift in Sources */ = {isa = PBXBuildFile; fileRef = 6AE2ED7E22A142AC008012AB /* AppDelegate.swift */; };
		6AE2ED8122A142AC008012AB /* ViewController.swift in Sources */ = {isa = PBXBuildFile; fileRef = 6AE2ED8022A142AC008012AB /* ViewController.swift */; };
		6AE2ED8622A142AE008012AB /* Assets.xcassets in Resources */ = {isa = PBXBuildFile; fileRef = 6AE2ED8522A142AE008012AB /* Assets.xcassets */; };
		6AE2ED8922A142AE008012AB /* LaunchScreen.storyboard in Resources */ = {isa = PBXBuildFile; fileRef = 6AE2ED8722A142AE008012AB /* LaunchScreen.storyboard */; };
		6AE2ED9422A142AE008012AB /* WiproGalleryTests.swift in Sources */ = {isa = PBXBuildFile; fileRef = 6AE2ED9322A142AE008012AB /* WiproGalleryTests.swift */; };
		6AE2EDA022A14AC7008012AB /* Alamofire.framework in Frameworks */ = {isa = PBXBuildFile; fileRef = 6AE2ED9F22A14AC7008012AB /* Alamofire.framework */; };
/* End PBXBuildFile section */

/* Begin PBXContainerItemProxy section */
		6AE2ED9022A142AE008012AB /* PBXContainerItemProxy */ = {
			isa = PBXContainerItemProxy;
			containerPortal = 6AE2ED7322A142AC008012AB /* Project object */;
			proxyType = 1;
			remoteGlobalIDString = 6AE2ED7A22A142AC008012AB;
			remoteInfo = WiproGallery;
		};
/* End PBXContainerItemProxy section */

/* Begin PBXFileReference section */
		6A9AFD6622A6B54E000B94E4 /* GalleryCell.swift */ = {isa = PBXFileReference; lastKnownFileType = sourcecode.swift; name = GalleryCell.swift; path = ../GalleryCell.swift; sourceTree = "<group>"; };
		6AB35DFC22A283A70077368D /* GalleryApi.swift */ = {isa = PBXFileReference; lastKnownFileType = sourcecode.swift; path = GalleryApi.swift; sourceTree = "<group>"; };
		6AB35DFF22A284B80077368D /* GalleryModel.swift */ = {isa = PBXFileReference; lastKnownFileType = sourcecode.swift; path = GalleryModel.swift; sourceTree = "<group>"; };
		6AE2ED7B22A142AC008012AB /* WiproGallery.app */ = {isa = PBXFileReference; explicitFileType = wrapper.application; includeInIndex = 0; path = WiproGallery.app; sourceTree = BUILT_PRODUCTS_DIR; };
		6AE2ED7E22A142AC008012AB /* AppDelegate.swift */ = {isa = PBXFileReference; lastKnownFileType = sourcecode.swift; path = AppDelegate.swift; sourceTree = "<group>"; };
		6AE2ED8022A142AC008012AB /* ViewController.swift */ = {isa = PBXFileReference; lastKnownFileType = sourcecode.swift; path = ViewController.swift; sourceTree = "<group>"; };
		6AE2ED8522A142AE008012AB /* Assets.xcassets */ = {isa = PBXFileReference; lastKnownFileType = folder.assetcatalog; path = Assets.xcassets; sourceTree = "<group>"; };
		6AE2ED8822A142AE008012AB /* Base */ = {isa = PBXFileReference; lastKnownFileType = file.storyboard; name = Base; path = Base.lproj/LaunchScreen.storyboard; sourceTree = "<group>"; };
		6AE2ED8A22A142AE008012AB /* Info.plist */ = {isa = PBXFileReference; lastKnownFileType = text.plist.xml; path = Info.plist; sourceTree = "<group>"; };
		6AE2ED8F22A142AE008012AB /* WiproGalleryTests.xctest */ = {isa = PBXFileReference; explicitFileType = wrapper.cfbundle; includeInIndex = 0; path = WiproGalleryTests.xctest; sourceTree = BUILT_PRODUCTS_DIR; };
		6AE2ED9322A142AE008012AB /* WiproGalleryTests.swift */ = {isa = PBXFileReference; lastKnownFileType = sourcecode.swift; path = WiproGalleryTests.swift; sourceTree = "<group>"; };
		6AE2ED9522A142AE008012AB /* Info.plist */ = {isa = PBXFileReference; lastKnownFileType = text.plist.xml; path = Info.plist; sourceTree = "<group>"; };
		6AE2ED9F22A14AC7008012AB /* Alamofire.framework */ = {isa = PBXFileReference; lastKnownFileType = wrapper.framework; name = Alamofire.framework; path = Carthage/Build/iOS/Alamofire.framework; sourceTree = "<group>"; };
/* End PBXFileReference section */

/* Begin PBXFrameworksBuildPhase section */
		6AE2ED7822A142AC008012AB /* Frameworks */ = {
			isa = PBXFrameworksBuildPhase;
			buildActionMask = 2147483647;
			files = (
				6AE2EDA022A14AC7008012AB /* Alamofire.framework in Frameworks */,
			);
			runOnlyForDeploymentPostprocessing = 0;
		};
		6AE2ED8C22A142AE008012AB /* Frameworks */ = {
			isa = PBXFrameworksBuildPhase;
			buildActionMask = 2147483647;
			files = (
			);
			runOnlyForDeploymentPostprocessing = 0;
		};
/* End PBXFrameworksBuildPhase section */

/* Begin PBXGroup section */
		6A9AFD6A22A7F504000B94E4 /* CustomCells */ = {
			isa = PBXGroup;
			children = (
				6A9AFD6622A6B54E000B94E4 /* GalleryCell.swift */,
			);
			path = CustomCells;
			sourceTree = "<group>";
		};
		6A9AFD6B22A7F5B1000B94E4 /* ViewControllers */ = {
			isa = PBXGroup;
			children = (
				6AE2ED8022A142AC008012AB /* ViewController.swift */,
			);
			path = ViewControllers;
			sourceTree = "<group>";
		};
		6AB35DFB22A283730077368D /* Api */ = {
			isa = PBXGroup;
			children = (
				6AB35DFC22A283A70077368D /* GalleryApi.swift */,
			);
			path = Api;
			sourceTree = "<group>";
		};
		6AB35DFE22A2849A0077368D /* Models */ = {
			isa = PBXGroup;
			children = (
				6AB35DFF22A284B80077368D /* GalleryModel.swift */,
			);
			path = Models;
			sourceTree = "<group>";
		};
		6AE2ED7222A142AC008012AB = {
			isa = PBXGroup;
			children = (
				6AE2ED7D22A142AC008012AB /* WiproGallery */,
				6AE2ED9222A142AE008012AB /* WiproGalleryTests */,
				6AE2ED7C22A142AC008012AB /* Products */,
				6AE2ED9E22A14AC7008012AB /* Frameworks */,
			);
			sourceTree = "<group>";
		};
		6AE2ED7C22A142AC008012AB /* Products */ = {
			isa = PBXGroup;
			children = (
				6AE2ED7B22A142AC008012AB /* WiproGallery.app */,
				6AE2ED8F22A142AE008012AB /* WiproGalleryTests.xctest */,
			);
			name = Products;
			sourceTree = "<group>";
		};
		6AE2ED7D22A142AC008012AB /* WiproGallery */ = {
			isa = PBXGroup;
			children = (
				6A9AFD6B22A7F5B1000B94E4 /* ViewControllers */,
				6A9AFD6A22A7F504000B94E4 /* CustomCells */,
				6AB35DFE22A2849A0077368D /* Models */,
				6AB35DFB22A283730077368D /* Api */,
				6AE2ED7E22A142AC008012AB /* AppDelegate.swift */,
				6AE2ED8522A142AE008012AB /* Assets.xcassets */,
				6AE2ED8722A142AE008012AB /* LaunchScreen.storyboard */,
				6AE2ED8A22A142AE008012AB /* Info.plist */,
			);
			path = WiproGallery;
			sourceTree = "<group>";
		};
		6AE2ED9222A142AE008012AB /* WiproGalleryTests */ = {
			isa = PBXGroup;
			children = (
				6AE2ED9322A142AE008012AB /* WiproGalleryTests.swift */,
				6AE2ED9522A142AE008012AB /* Info.plist */,
			);
			path = WiproGalleryTests;
			sourceTree = "<group>";
		};
		6AE2ED9E22A14AC7008012AB /* Frameworks */ = {
			isa = PBXGroup;
			children = (
				6AE2ED9F22A14AC7008012AB /* Alamofire.framework */,
			);
			name = Frameworks;
			sourceTree = "<group>";
		};
/* End PBXGroup section */

/* Begin PBXNativeTarget section */
		6AE2ED7A22A142AC008012AB /* WiproGallery */ = {
			isa = PBXNativeTarget;
			buildConfigurationList = 6AE2ED9822A142AE008012AB /* Build configuration list for PBXNativeTarget "WiproGallery" */;
			buildPhases = (
				6AE2ED7722A142AC008012AB /* Sources */,
				6AE2ED7822A142AC008012AB /* Frameworks */,
				6AE2ED7922A142AC008012AB /* Resources */,
				6AB35DFA22A26AE10077368D /* ShellScript */,
			);
			buildRules = (
			);
			dependencies = (
			);
			name = WiproGallery;
			productName = WiproGallery;
			productReference = 6AE2ED7B22A142AC008012AB /* WiproGallery.app */;
			productType = "com.apple.product-type.application";
		};
		6AE2ED8E22A142AE008012AB /* WiproGalleryTests */ = {
			isa = PBXNativeTarget;
			buildConfigurationList = 6AE2ED9B22A142AE008012AB /* Build configuration list for PBXNativeTarget "WiproGalleryTests" */;
			buildPhases = (
				6AE2ED8B22A142AE008012AB /* Sources */,
				6AE2ED8C22A142AE008012AB /* Frameworks */,
				6AE2ED8D22A142AE008012AB /* Resources */,
			);
			buildRules = (
			);
			dependencies = (
				6AE2ED9122A142AE008012AB /* PBXTargetDependency */,
			);
			name = WiproGalleryTests;
			productName = WiproGalleryTests;
			productReference = 6AE2ED8F22A142AE008012AB /* WiproGalleryTests.xctest */;
			productType = "com.apple.product-type.bundle.unit-test";
		};
/* End PBXNativeTarget section */

/* Begin PBXProject section */
		6AE2ED7322A142AC008012AB /* Project object */ = {
			isa = PBXProject;
			attributes = {
				LastSwiftUpdateCheck = 1020;
				LastUpgradeCheck = 1020;
				ORGANIZATIONNAME = Wirpo;
				TargetAttributes = {
					6AE2ED7A22A142AC008012AB = {
						CreatedOnToolsVersion = 10.2.1;
					};
					6AE2ED8E22A142AE008012AB = {
						CreatedOnToolsVersion = 10.2.1;
						TestTargetID = 6AE2ED7A22A142AC008012AB;
					};
				};
			};
			buildConfigurationList = 6AE2ED7622A142AC008012AB /* Build configuration list for PBXProject "WiproGallery" */;
			compatibilityVersion = "Xcode 9.3";
			developmentRegion = en;
			hasScannedForEncodings = 0;
			knownRegions = (
				en,
				Base,
			);
			mainGroup = 6AE2ED7222A142AC008012AB;
			productRefGroup = 6AE2ED7C22A142AC008012AB /* Products */;
			projectDirPath = "";
			projectRoot = "";
			targets = (
				6AE2ED7A22A142AC008012AB /* WiproGallery */,
				6AE2ED8E22A142AE008012AB /* WiproGalleryTests */,
			);
		};
/* End PBXProject section */

/* Begin PBXResourcesBuildPhase section */
		6AE2ED7922A142AC008012AB /* Resources */ = {
			isa = PBXResourcesBuildPhase;
			buildActionMask = 2147483647;
			files = (
				6AE2ED8922A142AE008012AB /* LaunchScreen.storyboard in Resources */,
				6AE2ED8622A142AE008012AB /* Assets.xcassets in Resources */,
			);
			runOnlyForDeploymentPostprocessing = 0;
		};
		6AE2ED8D22A142AE008012AB /* Resources */ = {
			isa = PBXResourcesBuildPhase;
			buildActionMask = 2147483647;
			files = (
			);
			runOnlyForDeploymentPostprocessing = 0;
		};
/* End PBXResourcesBuildPhase section */

/* Begin PBXShellScriptBuildPhase section */
		6AB35DFA22A26AE10077368D /* ShellScript */ = {
			isa = PBXShellScriptBuildPhase;
			buildActionMask = 2147483647;
			files = (
			);
			inputFileListPaths = (
			);
			inputPaths = (
				"$(SRCROOT)/Carthage/Build/iOS/Alamofire.framework",
			);
			outputFileListPaths = (
			);
			outputPaths = (
			);
			runOnlyForDeploymentPostprocessing = 0;
			shellPath = /bin/sh;
			shellScript = "# Type a script or drag a script file from your workspace to insert its path.\n/usr/local/bin/carthage copy-frameworks\n";
		};
/* End PBXShellScriptBuildPhase section */

/* Begin PBXSourcesBuildPhase section */
		6AE2ED7722A142AC008012AB /* Sources */ = {
			isa = PBXSourcesBuildPhase;
			buildActionMask = 2147483647;
			files = (
				6AE2ED8122A142AC008012AB /* ViewController.swift in Sources */,
				6A9AFD6722A6B54E000B94E4 /* GalleryCell.swift in Sources */,
				6AE2ED7F22A142AC008012AB /* AppDelegate.swift in Sources */,
				6AB35E0022A284B80077368D /* GalleryModel.swift in Sources */,
				6AB35DFD22A283A70077368D /* GalleryApi.swift in Sources */,
			);
			runOnlyForDeploymentPostprocessing = 0;
		};
		6AE2ED8B22A142AE008012AB /* Sources */ = {
			isa = PBXSourcesBuildPhase;
			buildActionMask = 2147483647;
			files = (
				6AE2ED9422A142AE008012AB /* WiproGalleryTests.swift in Sources */,
			);
			runOnlyForDeploymentPostprocessing = 0;
		};
/* End PBXSourcesBuildPhase section */

/* Begin PBXTargetDependency section */
		6AE2ED9122A142AE008012AB /* PBXTargetDependency */ = {
			isa = PBXTargetDependency;
			target = 6AE2ED7A22A142AC008012AB /* WiproGallery */;
			targetProxy = 6AE2ED9022A142AE008012AB /* PBXContainerItemProxy */;
		};
/* End PBXTargetDependency section */

/* Begin PBXVariantGroup section */
		6AE2ED8722A142AE008012AB /* LaunchScreen.storyboard */ = {
			isa = PBXVariantGroup;
			children = (
				6AE2ED8822A142AE008012AB /* Base */,
			);
			name = LaunchScreen.storyboard;
			sourceTree = "<group>";
		};
/* End PBXVariantGroup section */

/* Begin XCBuildConfiguration section */
		6AE2ED9622A142AE008012AB /* Debug */ = {
			isa = XCBuildConfiguration;
			buildSettings = {
				ALWAYS_SEARCH_USER_PATHS = NO;
				CLANG_ANALYZER_NONNULL = YES;
				CLANG_ANALYZER_NUMBER_OBJECT_CONVERSION = YES_AGGRESSIVE;
				CLANG_CXX_LANGUAGE_STANDARD = "gnu++14";
				CLANG_CXX_LIBRARY = "libc++";
				CLANG_ENABLE_MODULES = YES;
				CLANG_ENABLE_OBJC_ARC = YES;
				CLANG_ENABLE_OBJC_WEAK = YES;
				CLANG_WARN_BLOCK_CAPTURE_AUTORELEASING = YES;
				CLANG_WARN_BOOL_CONVERSION = YES;
				CLANG_WARN_COMMA = YES;
				CLANG_WARN_CONSTANT_CONVERSION = YES;
				CLANG_WARN_DEPRECATED_OBJC_IMPLEMENTATIONS = YES;
				CLANG_WARN_DIRECT_OBJC_ISA_USAGE = YES_ERROR;
				CLANG_WARN_DOCUMENTATION_COMMENTS = YES;
				CLANG_WARN_EMPTY_BODY = YES;
				CLANG_WARN_ENUM_CONVERSION = YES;
				CLANG_WARN_INFINITE_RECURSION = YES;
				CLANG_WARN_INT_CONVERSION = YES;
				CLANG_WARN_NON_LITERAL_NULL_CONVERSION = YES;
				CLANG_WARN_OBJC_IMPLICIT_RETAIN_SELF = YES;
				CLANG_WARN_OBJC_LITERAL_CONVERSION = YES;
				CLANG_WARN_OBJC_ROOT_CLASS = YES_ERROR;
				CLANG_WARN_RANGE_LOOP_ANALYSIS = YES;
				CLANG_WARN_STRICT_PROTOTYPES = YES;
				CLANG_WARN_SUSPICIOUS_MOVE = YES;
				CLANG_WARN_UNGUARDED_AVAILABILITY = YES_AGGRESSIVE;
				CLANG_WARN_UNREACHABLE_CODE = YES;
				CLANG_WARN__DUPLICATE_METHOD_MATCH = YES;
				CODE_SIGN_IDENTITY = "iPhone Developer";
				COPY_PHASE_STRIP = NO;
				DEBUG_INFORMATION_FORMAT = dwarf;
				ENABLE_STRICT_OBJC_MSGSEND = YES;
				ENABLE_TESTABILITY = YES;
				GCC_C_LANGUAGE_STANDARD = gnu11;
				GCC_DYNAMIC_NO_PIC = NO;
				GCC_NO_COMMON_BLOCKS = YES;
				GCC_OPTIMIZATION_LEVEL = 0;
				GCC_PREPROCESSOR_DEFINITIONS = (
					"DEBUG=1",
					"$(inherited)",
				);
				GCC_WARN_64_TO_32_BIT_CONVERSION = YES;
				GCC_WARN_ABOUT_RETURN_TYPE = YES_ERROR;
				GCC_WARN_UNDECLARED_SELECTOR = YES;
				GCC_WARN_UNINITIALIZED_AUTOS = YES_AGGRESSIVE;
				GCC_WARN_UNUSED_FUNCTION = YES;
				GCC_WARN_UNUSED_VARIABLE = YES;
				IPHONEOS_DEPLOYMENT_TARGET = 12.2;
				MTL_ENABLE_DEBUG_INFO = INCLUDE_SOURCE;
				MTL_FAST_MATH = YES;
				ONLY_ACTIVE_ARCH = YES;
				SDKROOT = iphoneos;
				SWIFT_ACTIVE_COMPILATION_CONDITIONS = DEBUG;
				SWIFT_OPTIMIZATION_LEVEL = "-Onone";
			};
			name = Debug;
		};
		6AE2ED9722A142AE008012AB /* Release */ = {
			isa = XCBuildConfiguration;
			buildSettings = {
				ALWAYS_SEARCH_USER_PATHS = NO;
				CLANG_ANALYZER_NONNULL = YES;
				CLANG_ANALYZER_NUMBER_OBJECT_CONVERSION = YES_AGGRESSIVE;
				CLANG_CXX_LANGUAGE_STANDARD = "gnu++14";
				CLANG_CXX_LIBRARY = "libc++";
				CLANG_ENABLE_MODULES = YES;
				CLANG_ENABLE_OBJC_ARC = YES;
				CLANG_ENABLE_OBJC_WEAK = YES;
				CLANG_WARN_BLOCK_CAPTURE_AUTORELEASING = YES;
				CLANG_WARN_BOOL_CONVERSION = YES;
				CLANG_WARN_COMMA = YES;
				CLANG_WARN_CONSTANT_CONVERSION = YES;
				CLANG_WARN_DEPRECATED_OBJC_IMPLEMENTATIONS = YES;
				CLANG_WARN_DIRECT_OBJC_ISA_USAGE = YES_ERROR;
				CLANG_WARN_DOCUMENTATION_COMMENTS = YES;
				CLANG_WARN_EMPTY_BODY = YES;
				CLANG_WARN_ENUM_CONVERSION = YES;
				CLANG_WARN_INFINITE_RECURSION = YES;
				CLANG_WARN_INT_CONVERSION = YES;
				CLANG_WARN_NON_LITERAL_NULL_CONVERSION = YES;
				CLANG_WARN_OBJC_IMPLICIT_RETAIN_SELF = YES;
				CLANG_WARN_OBJC_LITERAL_CONVERSION = YES;
				CLANG_WARN_OBJC_ROOT_CLASS = YES_ERROR;
				CLANG_WARN_RANGE_LOOP_ANALYSIS = YES;
				CLANG_WARN_STRICT_PROTOTYPES = YES;
				CLANG_WARN_SUSPICIOUS_MOVE = YES;
				CLANG_WARN_UNGUARDED_AVAILABILITY = YES_AGGRESSIVE;
				CLANG_WARN_UNREACHABLE_CODE = YES;
				CLANG_WARN__DUPLICATE_METHOD_MATCH = YES;
				CODE_SIGN_IDENTITY = "iPhone Developer";
				COPY_PHASE_STRIP = NO;
				DEBUG_INFORMATION_FORMAT = "dwarf-with-dsym";
				ENABLE_NS_ASSERTIONS = NO;
				ENABLE_STRICT_OBJC_MSGSEND = YES;
				GCC_C_LANGUAGE_STANDARD = gnu11;
				GCC_NO_COMMON_BLOCKS = YES;
				GCC_WARN_64_TO_32_BIT_CONVERSION = YES;
				GCC_WARN_ABOUT_RETURN_TYPE = YES_ERROR;
				GCC_WARN_UNDECLARED_SELECTOR = YES;
				GCC_WARN_UNINITIALIZED_AUTOS = YES_AGGRESSIVE;
				GCC_WARN_UNUSED_FUNCTION = YES;
				GCC_WARN_UNUSED_VARIABLE = YES;
				IPHONEOS_DEPLOYMENT_TARGET = 12.2;
				MTL_ENABLE_DEBUG_INFO = NO;
				MTL_FAST_MATH = YES;
				SDKROOT = iphoneos;
				SWIFT_COMPILATION_MODE = wholemodule;
				SWIFT_OPTIMIZATION_LEVEL = "-O";
				VALIDATE_PRODUCT = YES;
			};
			name = Release;
		};
		6AE2ED9922A142AE008012AB /* Debug */ = {
			isa = XCBuildConfiguration;
			buildSettings = {
				ASSETCATALOG_COMPILER_APPICON_NAME = AppIcon;
				CODE_SIGN_STYLE = Automatic;
				FRAMEWORK_SEARCH_PATHS = (
					"$(inherited)",
					"$(PROJECT_DIR)/Carthage/Build/iOS",
				);
				INFOPLIST_FILE = WiproGallery/Info.plist;
				IPHONEOS_DEPLOYMENT_TARGET = 11.0;
				LD_RUNPATH_SEARCH_PATHS = (
					"$(inherited)",
					"@executable_path/Frameworks",
				);
				PRODUCT_BUNDLE_IDENTIFIER = wipro.com.WiproGallery;
				PRODUCT_NAME = "$(TARGET_NAME)";
				SWIFT_VERSION = 5.0;
				TARGETED_DEVICE_FAMILY = "1,2";
			};
			name = Debug;
		};
		6AE2ED9A22A142AE008012AB /* Release */ = {
			isa = XCBuildConfiguration;
			buildSettings = {
				ASSETCATALOG_COMPILER_APPICON_NAME = AppIcon;
				CODE_SIGN_STYLE = Automatic;
				FRAMEWORK_SEARCH_PATHS = (
					"$(inherited)",
					"$(PROJECT_DIR)/Carthage/Build/iOS",
				);
				INFOPLIST_FILE = WiproGallery/Info.plist;
				IPHONEOS_DEPLOYMENT_TARGET = 11.0;
				LD_RUNPATH_SEARCH_PATHS = (
					"$(inherited)",
					"@executable_path/Frameworks",
				);
				PRODUCT_BUNDLE_IDENTIFIER = wipro.com.WiproGallery;
				PRODUCT_NAME = "$(TARGET_NAME)";
				SWIFT_VERSION = 5.0;
				TARGETED_DEVICE_FAMILY = "1,2";
			};
			name = Release;
		};
		6AE2ED9C22A142AE008012AB /* Debug */ = {
			isa = XCBuildConfiguration;
			buildSettings = {
				ALWAYS_EMBED_SWIFT_STANDARD_LIBRARIES = YES;
				BUNDLE_LOADER = "$(TEST_HOST)";
				CODE_SIGN_STYLE = Automatic;
				INFOPLIST_FILE = WiproGalleryTests/Info.plist;
				LD_RUNPATH_SEARCH_PATHS = (
					"$(inherited)",
					"@executable_path/Frameworks",
					"@loader_path/Frameworks",
				);
				PRODUCT_BUNDLE_IDENTIFIER = wipro.com.WiproGalleryTests;
				PRODUCT_NAME = "$(TARGET_NAME)";
				SWIFT_VERSION = 5.0;
				TARGETED_DEVICE_FAMILY = "1,2";
				TEST_HOST = "$(BUILT_PRODUCTS_DIR)/WiproGallery.app/WiproGallery";
			};
			name = Debug;
		};
		6AE2ED9D22A142AE008012AB /* Release */ = {
			isa = XCBuildConfiguration;
			buildSettings = {
				ALWAYS_EMBED_SWIFT_STANDARD_LIBRARIES = YES;
				BUNDLE_LOADER = "$(TEST_HOST)";
				CODE_SIGN_STYLE = Automatic;
				INFOPLIST_FILE = WiproGalleryTests/Info.plist;
				LD_RUNPATH_SEARCH_PATHS = (
					"$(inherited)",
					"@executable_path/Frameworks",
					"@loader_path/Frameworks",
				);
				PRODUCT_BUNDLE_IDENTIFIER = wipro.com.WiproGalleryTests;
				PRODUCT_NAME = "$(TARGET_NAME)";
				SWIFT_VERSION = 5.0;
				TARGETED_DEVICE_FAMILY = "1,2";
				TEST_HOST = "$(BUILT_PRODUCTS_DIR)/WiproGallery.app/WiproGallery";
			};
			name = Release;
		};
/* End XCBuildConfiguration section */

/* Begin XCConfigurationList section */
		6AE2ED7622A142AC008012AB /* Build configuration list for PBXProject "WiproGallery" */ = {
			isa = XCConfigurationList;
			buildConfigurations = (
				6AE2ED9622A142AE008012AB /* Debug */,
				6AE2ED9722A142AE008012AB /* Release */,
			);
			defaultConfigurationIsVisible = 0;
			defaultConfigurationName = Release;
		};
		6AE2ED9822A142AE008012AB /* Build configuration list for PBXNativeTarget "WiproGallery" */ = {
			isa = XCConfigurationList;
			buildConfigurations = (
				6AE2ED9922A142AE008012AB /* Debug */,
				6AE2ED9A22A142AE008012AB /* Release */,
			);
			defaultConfigurationIsVisible = 0;
			defaultConfigurationName = Release;
		};
		6AE2ED9B22A142AE008012AB /* Build configuration list for PBXNativeTarget "WiproGalleryTests" */ = {
			isa = XCConfigurationList;
			buildConfigurations = (
				6AE2ED9C22A142AE008012AB /* Debug */,
				6AE2ED9D22A142AE008012AB /* Release */,
			);
			defaultConfigurationIsVisible = 0;
			defaultConfigurationName = Release;
		};
/* End XCConfigurationList section */
	};
	rootObject = 6AE2ED7322A142AC008012AB /* Project object */;
}
